
Microsoft Visual Studio Solution File, Format Version 12.00
# Visual Studio 2012
Project("{FAE04EC0-301F-11D3-BF4B-00C04F79EFBC}") = "PortalSite", "PortalSite\PortalSite.csproj", "{47501E82-38E7-46A5-B07A-BA691656FE53}"
EndProject
Global
	GlobalSection(SolutionConfigurationPlatforms) = preSolution
		Debug|Any CPU = Debug|Any CPU
		Release|Any CPU = Release|Any CPU
	EndGlobalSection
	GlobalSection(ProjectConfigurationPlatforms) = postSolution
		{47501E82-38E7-46A5-B07A-BA691656FE53}.Debug|Any CPU.ActiveCfg = Debug|Any CPU
		{47501E82-38E7-46A5-B07A-BA691656FE53}.Debug|Any CPU.Build.0 = Debug|Any CPU
		{47501E82-38E7-46A5-B07A-BA691656FE53}.Release|Any CPU.ActiveCfg = Release|Any CPU
		{47501E82-38E7-46A5-B07A-BA691656FE53}.Release|Any CPU.Build.0 = Release|Any CPU
	EndGlobalSection
EndGlobal
